
Microsoft Visual Studio Solution File, Format Version 12.00
# Visual Studio Version 16
VisualStudioVersion = 16.0.31702.278
MinimumVisualStudioVersion = 10.0.40219.1
Project("{FAE04EC0-301F-11D3-BF4B-00C04F79EFBC}") = "Excepciones-cSharp", "Excepciones-cSharp.csproj", "{77B8C2F4-EE4E-4DAF-959E-44A6ABC7B6A8}"
EndProject
Global
	GlobalSection(SolutionConfigurationPlatforms) = preSolution
		Debug|Any CPU = Debug|Any CPU
		Release|Any CPU = Release|Any CPU
	EndGlobalSection
	GlobalSection(ProjectConfigurationPlatforms) = postSolution
		{77B8C2F4-EE4E-4DAF-959E-44A6ABC7B6A8}.Debug|Any CPU.ActiveCfg = Debug|Any CPU
		{77B8C2F4-EE4E-4DAF-959E-44A6ABC7B6A8}.Debug|Any CPU.Build.0 = Debug|Any CPU
		{77B8C2F4-EE4E-4DAF-959E-44A6ABC7B6A8}.Release|Any CPU.ActiveCfg = Release|Any CPU
		{77B8C2F4-EE4E-4DAF-959E-44A6ABC7B6A8}.Release|Any CPU.Build.0 = Release|Any CPU
	EndGlobalSection
	GlobalSection(SolutionProperties) = preSolution
		HideSolutionNode = FALSE
	EndGlobalSection
	GlobalSection(ExtensibilityGlobals) = postSolution
		SolutionGuid = {49AA68C0-64D7-4DD9-B14D-4F537D8F6E3A}
	EndGlobalSection
EndGlobal
